
Microsoft Visual Studio Solution File, Format Version 12.00
# Visual Studio Version 17
VisualStudioVersion = 17.3.32929.385
MinimumVisualStudioVersion = 10.0.40219.1
Project("{FAE04EC0-301F-11D3-BF4B-00C04F79EFBC}") = "W0901WFPreCardDealer", "W0901WFPreCardDealer\W0901WFPreCardDealer.csproj", "{FFA3E7FE-BFB1-4A7F-9BBA-16FDFF6C67D2}"
EndProject
Global
	GlobalSection(SolutionConfigurationPlatforms) = preSolution
		Debug|Any CPU = Debug|Any CPU
		Release|Any CPU = Release|Any CPU
	EndGlobalSection
	GlobalSection(ProjectConfigurationPlatforms) = postSolution
		{FFA3E7FE-BFB1-4A7F-9BBA-16FDFF6C67D2}.Debug|Any CPU.ActiveCfg = Debug|Any CPU
		{FFA3E7FE-BFB1-4A7F-9BBA-16FDFF6C67D2}.Debug|Any CPU.Build.0 = Debug|Any CPU
		{FFA3E7FE-BFB1-4A7F-9BBA-16FDFF6C67D2}.Release|Any CPU.ActiveCfg = Release|Any CPU
		{FFA3E7FE-BFB1-4A7F-9BBA-16FDFF6C67D2}.Release|Any CPU.Build.0 = Release|Any CPU
	EndGlobalSection
	GlobalSection(SolutionProperties) = preSolution
		HideSolutionNode = FALSE
	EndGlobalSection
	GlobalSection(ExtensibilityGlobals) = postSolution
		SolutionGuid = {984556C1-ACE3-44ED-8CA1-9DD6BC00AE92}
	EndGlobalSection
EndGlobal
